// !$*UTF8*$!
{
	archiveVersion = 1;
	classes = {
	};
	objectVersion = 50;
	objects = {

/* Begin PBXBuildFile section */
		19123CEE21B097C900619398 /* BrowseCollectionViewController.swift in Sources */ = {isa = PBXBuildFile; fileRef = 19123CED21B097C900619398 /* BrowseCollectionViewController.swift */; };
		19123CF021B097EB00619398 /* BrowseCollectionViewCell.swift in Sources */ = {isa = PBXBuildFile; fileRef = 19123CEF21B097EB00619398 /* BrowseCollectionViewCell.swift */; };
		19123CF221B0A0DC00619398 /* BrowseTableViewController.swift in Sources */ = {isa = PBXBuildFile; fileRef = 19123CF121B0A0DC00619398 /* BrowseTableViewController.swift */; };
		19123CF421B0A13800619398 /* BrowseDetailViewController.swift in Sources */ = {isa = PBXBuildFile; fileRef = 19123CF321B0A13800619398 /* BrowseDetailViewController.swift */; };
		19123CF621B0B50200619398 /* BrowseTableViewCell.swift in Sources */ = {isa = PBXBuildFile; fileRef = 19123CF521B0B50200619398 /* BrowseTableViewCell.swift */; };
		191F15C821B1C64400160F3D /* AlertManager.swift in Sources */ = {isa = PBXBuildFile; fileRef = 191F15C721B1C64400160F3D /* AlertManager.swift */; };
		191F15CE21B2291000160F3D /* PhotoSelectorViewController.swift in Sources */ = {isa = PBXBuildFile; fileRef = 191F15CD21B2291000160F3D /* PhotoSelectorViewController.swift */; };
		193466C421BF15A700145B0F /* Extensions.swift in Sources */ = {isa = PBXBuildFile; fileRef = 193466C321BF15A700145B0F /* Extensions.swift */; };
		193466C621BF369B00145B0F /* SignIn.storyboard in Resources */ = {isa = PBXBuildFile; fileRef = 193466C521BF369B00145B0F /* SignIn.storyboard */; };
		193466C921BF372000145B0F /* SignUp.storyboard in Resources */ = {isa = PBXBuildFile; fileRef = 193466C821BF372000145B0F /* SignUp.storyboard */; };
		193466CC21BF3AED00145B0F /* SignInViewController.swift in Sources */ = {isa = PBXBuildFile; fileRef = 193466CB21BF3AED00145B0F /* SignInViewController.swift */; };
		193466CE21BF3AFD00145B0F /* SignUpViewController.swift in Sources */ = {isa = PBXBuildFile; fileRef = 193466CD21BF3AFD00145B0F /* SignUpViewController.swift */; };
		1962525921B5F31F004C2D58 /* ProfileViewController.swift in Sources */ = {isa = PBXBuildFile; fileRef = 1962525821B5F31F004C2D58 /* ProfileViewController.swift */; };
		19A5E01A21C05D520047EE3E /* Constants.swift in Sources */ = {isa = PBXBuildFile; fileRef = 19A5E01921C05D520047EE3E /* Constants.swift */; };
		C78B82500767E46D30B7E390 /* Pods_Tidbits.framework in Frameworks */ = {isa = PBXBuildFile; fileRef = 435AAAFAC6E848D592363443 /* Pods_Tidbits.framework */; };
		FA5EC3BA21AC9D070092C3F8 /* AppDelegate.swift in Sources */ = {isa = PBXBuildFile; fileRef = FA5EC3B921AC9D070092C3F8 /* AppDelegate.swift */; };
		FA5EC3BF21AC9D070092C3F8 /* Main.storyboard in Resources */ = {isa = PBXBuildFile; fileRef = FA5EC3BD21AC9D070092C3F8 /* Main.storyboard */; };
		FA5EC3C121AC9D080092C3F8 /* Assets.xcassets in Resources */ = {isa = PBXBuildFile; fileRef = FA5EC3C021AC9D080092C3F8 /* Assets.xcassets */; };
		FA5EC3C421AC9D080092C3F8 /* LaunchScreen.storyboard in Resources */ = {isa = PBXBuildFile; fileRef = FA5EC3C221AC9D080092C3F8 /* LaunchScreen.storyboard */; };
		FAD094F221B04FEE00C999CD /* GoogleService-Info.plist in Resources */ = {isa = PBXBuildFile; fileRef = FAD094F121B04FEE00C999CD /* GoogleService-Info.plist */; };
		FAD094F521B0510900C999CD /* Browse.storyboard in Resources */ = {isa = PBXBuildFile; fileRef = FAD094F421B0510900C999CD /* Browse.storyboard */; };
		FAD0950421B053B000C999CD /* Add.storyboard in Resources */ = {isa = PBXBuildFile; fileRef = FAD0950321B053B000C999CD /* Add.storyboard */; };
		FAD0950621B053E700C999CD /* Profile.storyboard in Resources */ = {isa = PBXBuildFile; fileRef = FAD0950521B053E700C999CD /* Profile.storyboard */; };
		FAD0950921B0870D00C999CD /* InternalUser.swift in Sources */ = {isa = PBXBuildFile; fileRef = FAD0950821B0870D00C999CD /* InternalUser.swift */; };
		FAD0950B21B0871500C999CD /* Post.swift in Sources */ = {isa = PBXBuildFile; fileRef = FAD0950A21B0871500C999CD /* Post.swift */; };
		FAD0950D21B0929200C999CD /* InternalUserController.swift in Sources */ = {isa = PBXBuildFile; fileRef = FAD0950C21B0929200C999CD /* InternalUserController.swift */; };
		FAD0950F21B0A18700C999CD /* PostController.swift in Sources */ = {isa = PBXBuildFile; fileRef = FAD0950E21B0A18700C999CD /* PostController.swift */; };
		FAD0951121B0D1F600C999CD /* FirebaseManager.swift in Sources */ = {isa = PBXBuildFile; fileRef = FAD0951021B0D1F600C999CD /* FirebaseManager.swift */; };
		FAE7923C21C433C200174BE9 /* AddHackViewController.swift in Sources */ = {isa = PBXBuildFile; fileRef = FAE7923B21C433C200174BE9 /* AddHackViewController.swift */; };
/* End PBXBuildFile section */

/* Begin PBXFileReference section */
		0D0A6C8EB7DDA45B8B3DAA7B /* Pods-Tidbits.release.xcconfig */ = {isa = PBXFileReference; includeInIndex = 1; lastKnownFileType = text.xcconfig; name = "Pods-Tidbits.release.xcconfig"; path = "Pods/Target Support Files/Pods-Tidbits/Pods-Tidbits.release.xcconfig"; sourceTree = "<group>"; };
		19123CED21B097C900619398 /* BrowseCollectionViewController.swift */ = {isa = PBXFileReference; lastKnownFileType = sourcecode.swift; path = BrowseCollectionViewController.swift; sourceTree = "<group>"; };
		19123CEF21B097EB00619398 /* BrowseCollectionViewCell.swift */ = {isa = PBXFileReference; lastKnownFileType = sourcecode.swift; name = BrowseCollectionViewCell.swift; path = Tidbits/Controllers/ViewControllers/BrowseCollectionViewCell.swift; sourceTree = SOURCE_ROOT; };
		19123CF121B0A0DC00619398 /* BrowseTableViewController.swift */ = {isa = PBXFileReference; lastKnownFileType = sourcecode.swift; path = BrowseTableViewController.swift; sourceTree = "<group>"; };
		19123CF321B0A13800619398 /* BrowseDetailViewController.swift */ = {isa = PBXFileReference; lastKnownFileType = sourcecode.swift; path = BrowseDetailViewController.swift; sourceTree = "<group>"; };
		19123CF521B0B50200619398 /* BrowseTableViewCell.swift */ = {isa = PBXFileReference; lastKnownFileType = sourcecode.swift; name = BrowseTableViewCell.swift; path = Tidbits/Controllers/ViewControllers/BrowseTableViewCell.swift; sourceTree = SOURCE_ROOT; };
		191F15C721B1C64400160F3D /* AlertManager.swift */ = {isa = PBXFileReference; lastKnownFileType = sourcecode.swift; name = AlertManager.swift; path = Tidbits/Controllers/ViewControllers/AlertManager.swift; sourceTree = SOURCE_ROOT; };
		191F15CD21B2291000160F3D /* PhotoSelectorViewController.swift */ = {isa = PBXFileReference; lastKnownFileType = sourcecode.swift; path = PhotoSelectorViewController.swift; sourceTree = "<group>"; };
		193466C321BF15A700145B0F /* Extensions.swift */ = {isa = PBXFileReference; lastKnownFileType = sourcecode.swift; path = Extensions.swift; sourceTree = "<group>"; };
		193466C521BF369B00145B0F /* SignIn.storyboard */ = {isa = PBXFileReference; lastKnownFileType = file.storyboard; path = SignIn.storyboard; sourceTree = "<group>"; };
		193466C821BF372000145B0F /* SignUp.storyboard */ = {isa = PBXFileReference; lastKnownFileType = file.storyboard; path = SignUp.storyboard; sourceTree = "<group>"; };
		193466CB21BF3AED00145B0F /* SignInViewController.swift */ = {isa = PBXFileReference; lastKnownFileType = sourcecode.swift; path = SignInViewController.swift; sourceTree = "<group>"; };
		193466CD21BF3AFD00145B0F /* SignUpViewController.swift */ = {isa = PBXFileReference; lastKnownFileType = sourcecode.swift; path = SignUpViewController.swift; sourceTree = "<group>"; };
		1962525821B5F31F004C2D58 /* ProfileViewController.swift */ = {isa = PBXFileReference; lastKnownFileType = sourcecode.swift; path = ProfileViewController.swift; sourceTree = "<group>"; };
		19A5E01921C05D520047EE3E /* Constants.swift */ = {isa = PBXFileReference; lastKnownFileType = sourcecode.swift; path = Constants.swift; sourceTree = "<group>"; };
		435AAAFAC6E848D592363443 /* Pods_Tidbits.framework */ = {isa = PBXFileReference; explicitFileType = wrapper.framework; includeInIndex = 0; path = Pods_Tidbits.framework; sourceTree = BUILT_PRODUCTS_DIR; };
		90F00541D6632FC5B52AC218 /* Pods-Tidbits.debug.xcconfig */ = {isa = PBXFileReference; includeInIndex = 1; lastKnownFileType = text.xcconfig; name = "Pods-Tidbits.debug.xcconfig"; path = "Pods/Target Support Files/Pods-Tidbits/Pods-Tidbits.debug.xcconfig"; sourceTree = "<group>"; };
		FA5EC3B621AC9D070092C3F8 /* Tidbits.app */ = {isa = PBXFileReference; explicitFileType = wrapper.application; includeInIndex = 0; path = Tidbits.app; sourceTree = BUILT_PRODUCTS_DIR; };
		FA5EC3B921AC9D070092C3F8 /* AppDelegate.swift */ = {isa = PBXFileReference; lastKnownFileType = sourcecode.swift; path = AppDelegate.swift; sourceTree = "<group>"; };
		FA5EC3BE21AC9D070092C3F8 /* Base */ = {isa = PBXFileReference; lastKnownFileType = file.storyboard; name = Base; path = Base.lproj/Main.storyboard; sourceTree = "<group>"; };
		FA5EC3C021AC9D080092C3F8 /* Assets.xcassets */ = {isa = PBXFileReference; lastKnownFileType = folder.assetcatalog; path = Assets.xcassets; sourceTree = "<group>"; };
		FA5EC3C321AC9D080092C3F8 /* Base */ = {isa = PBXFileReference; lastKnownFileType = file.storyboard; name = Base; path = Base.lproj/LaunchScreen.storyboard; sourceTree = "<group>"; };
		FA5EC3C521AC9D080092C3F8 /* Info.plist */ = {isa = PBXFileReference; lastKnownFileType = text.plist.xml; path = Info.plist; sourceTree = "<group>"; };
		FAD094F121B04FEE00C999CD /* GoogleService-Info.plist */ = {isa = PBXFileReference; fileEncoding = 4; lastKnownFileType = text.plist.xml; path = "GoogleService-Info.plist"; sourceTree = "<group>"; };
		FAD094F421B0510900C999CD /* Browse.storyboard */ = {isa = PBXFileReference; lastKnownFileType = file.storyboard; path = Browse.storyboard; sourceTree = "<group>"; };
		FAD0950321B053B000C999CD /* Add.storyboard */ = {isa = PBXFileReference; lastKnownFileType = file.storyboard; path = Add.storyboard; sourceTree = "<group>"; };
		FAD0950521B053E700C999CD /* Profile.storyboard */ = {isa = PBXFileReference; lastKnownFileType = file.storyboard; path = Profile.storyboard; sourceTree = "<group>"; };
		FAD0950821B0870D00C999CD /* InternalUser.swift */ = {isa = PBXFileReference; lastKnownFileType = sourcecode.swift; path = InternalUser.swift; sourceTree = "<group>"; };
		FAD0950A21B0871500C999CD /* Post.swift */ = {isa = PBXFileReference; lastKnownFileType = sourcecode.swift; path = Post.swift; sourceTree = "<group>"; };
		FAD0950C21B0929200C999CD /* InternalUserController.swift */ = {isa = PBXFileReference; lastKnownFileType = sourcecode.swift; path = InternalUserController.swift; sourceTree = "<group>"; };
		FAD0950E21B0A18700C999CD /* PostController.swift */ = {isa = PBXFileReference; lastKnownFileType = sourcecode.swift; path = PostController.swift; sourceTree = "<group>"; };
		FAD0951021B0D1F600C999CD /* FirebaseManager.swift */ = {isa = PBXFileReference; lastKnownFileType = sourcecode.swift; path = FirebaseManager.swift; sourceTree = "<group>"; };
		FAE7923B21C433C200174BE9 /* AddHackViewController.swift */ = {isa = PBXFileReference; lastKnownFileType = sourcecode.swift; path = AddHackViewController.swift; sourceTree = "<group>"; };
/* End PBXFileReference section */

/* Begin PBXFrameworksBuildPhase section */
		FA5EC3B321AC9D070092C3F8 /* Frameworks */ = {
			isa = PBXFrameworksBuildPhase;
			buildActionMask = 2147483647;
			files = (
				C78B82500767E46D30B7E390 /* Pods_Tidbits.framework in Frameworks */,
			);
			runOnlyForDeploymentPostprocessing = 0;
		};
/* End PBXFrameworksBuildPhase section */

/* Begin PBXGroup section */
		193466C721BF36BE00145B0F /* SignIn */ = {
			isa = PBXGroup;
			children = (
				193466C521BF369B00145B0F /* SignIn.storyboard */,
				193466CB21BF3AED00145B0F /* SignInViewController.swift */,
			);
			path = SignIn;
			sourceTree = "<group>";
		};
		193466CA21BF373200145B0F /* SignUp */ = {
			isa = PBXGroup;
			children = (
				193466C821BF372000145B0F /* SignUp.storyboard */,
				193466CD21BF3AFD00145B0F /* SignUpViewController.swift */,
			);
			path = SignUp;
			sourceTree = "<group>";
		};
		7D9B1E6B75638AAB898D9C22 /* Pods */ = {
			isa = PBXGroup;
			children = (
				90F00541D6632FC5B52AC218 /* Pods-Tidbits.debug.xcconfig */,
				0D0A6C8EB7DDA45B8B3DAA7B /* Pods-Tidbits.release.xcconfig */,
			);
			name = Pods;
			sourceTree = "<group>";
		};
		D8A1CE9DAD46CA5ECF9DCA74 /* Frameworks */ = {
			isa = PBXGroup;
			children = (
				435AAAFAC6E848D592363443 /* Pods_Tidbits.framework */,
			);
			name = Frameworks;
			sourceTree = "<group>";
		};
		FA3EE68321ADB5310033D664 /* Resources */ = {
			isa = PBXGroup;
			children = (
				FA5EC3BD21AC9D070092C3F8 /* Main.storyboard */,
				FA5EC3C221AC9D080092C3F8 /* LaunchScreen.storyboard */,
				FA5EC3B921AC9D070092C3F8 /* AppDelegate.swift */,
				FA5EC3C021AC9D080092C3F8 /* Assets.xcassets */,
				FAD094F121B04FEE00C999CD /* GoogleService-Info.plist */,
				FA5EC3C521AC9D080092C3F8 /* Info.plist */,
			);
			path = Resources;
			sourceTree = "<group>";
		};
		FA5EC3AD21AC9D070092C3F8 = {
			isa = PBXGroup;
			children = (
				FA5EC3B821AC9D070092C3F8 /* Tidbits */,
				FA5EC3B721AC9D070092C3F8 /* Products */,
				7D9B1E6B75638AAB898D9C22 /* Pods */,
				D8A1CE9DAD46CA5ECF9DCA74 /* Frameworks */,
			);
			sourceTree = "<group>";
		};
		FA5EC3B721AC9D070092C3F8 /* Products */ = {
			isa = PBXGroup;
			children = (
				FA5EC3B621AC9D070092C3F8 /* Tidbits.app */,
			);
			name = Products;
			sourceTree = "<group>";
		};
		FA5EC3B821AC9D070092C3F8 /* Tidbits */ = {
			isa = PBXGroup;
			children = (
				FAD094F821B051ED00C999CD /* Model */,
				FAD094F721B051E900C999CD /* View */,
				FAD094FB21B0520800C999CD /* Controllers */,
				FAD094FF21B0525100C999CD /* Extensions */,
				FA3EE68321ADB5310033D664 /* Resources */,
			);
			path = Tidbits;
			sourceTree = "<group>";
		};
		FAD094F721B051E900C999CD /* View */ = {
			isa = PBXGroup;
			children = (
				19123CEF21B097EB00619398 /* BrowseCollectionViewCell.swift */,
				19123CF521B0B50200619398 /* BrowseTableViewCell.swift */,
			);
			path = View;
			sourceTree = "<group>";
		};
		FAD094F821B051ED00C999CD /* Model */ = {
			isa = PBXGroup;
			children = (
				FAD0950821B0870D00C999CD /* InternalUser.swift */,
				FAD0950A21B0871500C999CD /* Post.swift */,
			);
			path = Model;
			sourceTree = "<group>";
		};
		FAD094FB21B0520800C999CD /* Controllers */ = {
			isa = PBXGroup;
			children = (
				FAD0950721B066C100C999CD /* UtilityControllers */,
				FAD094FD21B0523E00C999CD /* ModelControllers */,
				FAD094FC21B0523600C999CD /* ViewControllers */,
			);
			path = Controllers;
			sourceTree = "<group>";
		};
		FAD094FC21B0523600C999CD /* ViewControllers */ = {
			isa = PBXGroup;
			children = (
				FAD0950021B0532900C999CD /* Browse */,
				FAD0950121B0533000C999CD /* Add */,
				193466C721BF36BE00145B0F /* SignIn */,
				193466CA21BF373200145B0F /* SignUp */,
				FAD0950221B0533500C999CD /* Profile */,
			);
			path = ViewControllers;
			sourceTree = "<group>";
		};
		FAD094FD21B0523E00C999CD /* ModelControllers */ = {
			isa = PBXGroup;
			children = (
				FAD0950C21B0929200C999CD /* InternalUserController.swift */,
				FAD0950E21B0A18700C999CD /* PostController.swift */,
			);
			path = ModelControllers;
			sourceTree = "<group>";
		};
		FAD094FF21B0525100C999CD /* Extensions */ = {
			isa = PBXGroup;
			children = (
			);
			path = Extensions;
			sourceTree = "<group>";
		};
		FAD0950021B0532900C999CD /* Browse */ = {
			isa = PBXGroup;
			children = (
				FAD094F421B0510900C999CD /* Browse.storyboard */,
				19123CED21B097C900619398 /* BrowseCollectionViewController.swift */,
				19123CF121B0A0DC00619398 /* BrowseTableViewController.swift */,
				19123CF321B0A13800619398 /* BrowseDetailViewController.swift */,
			);
			path = Browse;
			sourceTree = "<group>";
		};
		FAD0950121B0533000C999CD /* Add */ = {
			isa = PBXGroup;
			children = (
				FAE7923B21C433C200174BE9 /* AddHackViewController.swift */,
				FAD0950321B053B000C999CD /* Add.storyboard */,
				191F15CD21B2291000160F3D /* PhotoSelectorViewController.swift */,
			);
			path = Add;
			sourceTree = "<group>";
		};
		FAD0950221B0533500C999CD /* Profile */ = {
			isa = PBXGroup;
			children = (
				FAD0950521B053E700C999CD /* Profile.storyboard */,
				1962525821B5F31F004C2D58 /* ProfileViewController.swift */,
			);
			path = Profile;
			sourceTree = "<group>";
		};
		FAD0950721B066C100C999CD /* UtilityControllers */ = {
			isa = PBXGroup;
			children = (
				191F15C721B1C64400160F3D /* AlertManager.swift */,
				193466C321BF15A700145B0F /* Extensions.swift */,
				FAD0951021B0D1F600C999CD /* FirebaseManager.swift */,
				19A5E01921C05D520047EE3E /* Constants.swift */,
			);
			path = UtilityControllers;
			sourceTree = "<group>";
		};
/* End PBXGroup section */

/* Begin PBXNativeTarget section */
		FA5EC3B521AC9D070092C3F8 /* Tidbits */ = {
			isa = PBXNativeTarget;
			buildConfigurationList = FA5EC3C821AC9D080092C3F8 /* Build configuration list for PBXNativeTarget "Tidbits" */;
			buildPhases = (
				8289A4C82CDC3CFC86BCD99A /* [CP] Check Pods Manifest.lock */,
				FA5EC3B221AC9D070092C3F8 /* Sources */,
				FA5EC3B321AC9D070092C3F8 /* Frameworks */,
				FA5EC3B421AC9D070092C3F8 /* Resources */,
				AD9BA5E64D0635BCBD795AFB /* [CP] Embed Pods Frameworks */,
			);
			buildRules = (
			);
			dependencies = (
			);
			name = Tidbits;
			productName = Tidbits;
			productReference = FA5EC3B621AC9D070092C3F8 /* Tidbits.app */;
			productType = "com.apple.product-type.application";
		};
/* End PBXNativeTarget section */

/* Begin PBXProject section */
		FA5EC3AE21AC9D070092C3F8 /* Project object */ = {
			isa = PBXProject;
			attributes = {
				LastSwiftUpdateCheck = 1010;
				LastUpgradeCheck = 1010;
				ORGANIZATIONNAME = "Kaden Staker";
				TargetAttributes = {
					FA5EC3B521AC9D070092C3F8 = {
						CreatedOnToolsVersion = 10.1;
					};
				};
			};
			buildConfigurationList = FA5EC3B121AC9D070092C3F8 /* Build configuration list for PBXProject "Tidbits" */;
			compatibilityVersion = "Xcode 9.3";
			developmentRegion = en;
			hasScannedForEncodings = 0;
			knownRegions = (
				en,
				Base,
			);
			mainGroup = FA5EC3AD21AC9D070092C3F8;
			productRefGroup = FA5EC3B721AC9D070092C3F8 /* Products */;
			projectDirPath = "";
			projectRoot = "";
			targets = (
				FA5EC3B521AC9D070092C3F8 /* Tidbits */,
			);
		};
/* End PBXProject section */

/* Begin PBXResourcesBuildPhase section */
		FA5EC3B421AC9D070092C3F8 /* Resources */ = {
			isa = PBXResourcesBuildPhase;
			buildActionMask = 2147483647;
			files = (
				FA5EC3C421AC9D080092C3F8 /* LaunchScreen.storyboard in Resources */,
				FAD094F521B0510900C999CD /* Browse.storyboard in Resources */,
				193466C921BF372000145B0F /* SignUp.storyboard in Resources */,
				FAD094F221B04FEE00C999CD /* GoogleService-Info.plist in Resources */,
				FA5EC3C121AC9D080092C3F8 /* Assets.xcassets in Resources */,
				FAD0950421B053B000C999CD /* Add.storyboard in Resources */,
				FAD0950621B053E700C999CD /* Profile.storyboard in Resources */,
				193466C621BF369B00145B0F /* SignIn.storyboard in Resources */,
				FA5EC3BF21AC9D070092C3F8 /* Main.storyboard in Resources */,
			);
			runOnlyForDeploymentPostprocessing = 0;
		};
/* End PBXResourcesBuildPhase section */

/* Begin PBXShellScriptBuildPhase section */
		8289A4C82CDC3CFC86BCD99A /* [CP] Check Pods Manifest.lock */ = {
			isa = PBXShellScriptBuildPhase;
			buildActionMask = 2147483647;
			files = (
			);
			inputFileListPaths = (
			);
			inputPaths = (
				"${PODS_PODFILE_DIR_PATH}/Podfile.lock",
				"${PODS_ROOT}/Manifest.lock",
			);
			name = "[CP] Check Pods Manifest.lock";
			outputFileListPaths = (
			);
			outputPaths = (
				"$(DERIVED_FILE_DIR)/Pods-Tidbits-checkManifestLockResult.txt",
			);
			runOnlyForDeploymentPostprocessing = 0;
			shellPath = /bin/sh;
			shellScript = "diff \"${PODS_PODFILE_DIR_PATH}/Podfile.lock\" \"${PODS_ROOT}/Manifest.lock\" > /dev/null\nif [ $? != 0 ] ; then\n    # print error to STDERR\n    echo \"error: The sandbox is not in sync with the Podfile.lock. Run 'pod install' or update your CocoaPods installation.\" >&2\n    exit 1\nfi\n# This output is used by Xcode 'outputs' to avoid re-running this script phase.\necho \"SUCCESS\" > \"${SCRIPT_OUTPUT_FILE_0}\"\n";
			showEnvVarsInLog = 0;
		};
		AD9BA5E64D0635BCBD795AFB /* [CP] Embed Pods Frameworks */ = {
			isa = PBXShellScriptBuildPhase;
			buildActionMask = 2147483647;
			files = (
			);
			inputFileListPaths = (
			);
			inputPaths = (
				"${SRCROOT}/Pods/Target Support Files/Pods-Tidbits/Pods-Tidbits-frameworks.sh",
				"${BUILT_PRODUCTS_DIR}/GTMSessionFetcher/GTMSessionFetcher.framework",
				"${BUILT_PRODUCTS_DIR}/GoogleUtilities/GoogleUtilities.framework",
				"${BUILT_PRODUCTS_DIR}/leveldb-library/leveldb.framework",
				"${BUILT_PRODUCTS_DIR}/nanopb/nanopb.framework",
			);
			name = "[CP] Embed Pods Frameworks";
			outputFileListPaths = (
			);
			outputPaths = (
				"${TARGET_BUILD_DIR}/${FRAMEWORKS_FOLDER_PATH}/GTMSessionFetcher.framework",
				"${TARGET_BUILD_DIR}/${FRAMEWORKS_FOLDER_PATH}/GoogleUtilities.framework",
				"${TARGET_BUILD_DIR}/${FRAMEWORKS_FOLDER_PATH}/leveldb.framework",
				"${TARGET_BUILD_DIR}/${FRAMEWORKS_FOLDER_PATH}/nanopb.framework",
			);
			runOnlyForDeploymentPostprocessing = 0;
			shellPath = /bin/sh;
			shellScript = "\"${SRCROOT}/Pods/Target Support Files/Pods-Tidbits/Pods-Tidbits-frameworks.sh\"\n";
			showEnvVarsInLog = 0;
		};
/* End PBXShellScriptBuildPhase section */

/* Begin PBXSourcesBuildPhase section */
		FA5EC3B221AC9D070092C3F8 /* Sources */ = {
			isa = PBXSourcesBuildPhase;
			buildActionMask = 2147483647;
			files = (
				FAD0951121B0D1F600C999CD /* FirebaseManager.swift in Sources */,
				19A5E01A21C05D520047EE3E /* Constants.swift in Sources */,
				FAD0950F21B0A18700C999CD /* PostController.swift in Sources */,
				19123CEE21B097C900619398 /* BrowseCollectionViewController.swift in Sources */,
				19123CF621B0B50200619398 /* BrowseTableViewCell.swift in Sources */,
				FAD0950B21B0871500C999CD /* Post.swift in Sources */,
				1962525921B5F31F004C2D58 /* ProfileViewController.swift in Sources */,
				193466CE21BF3AFD00145B0F /* SignUpViewController.swift in Sources */,
				FA5EC3BA21AC9D070092C3F8 /* AppDelegate.swift in Sources */,
				193466CC21BF3AED00145B0F /* SignInViewController.swift in Sources */,
				19123CF021B097EB00619398 /* BrowseCollectionViewCell.swift in Sources */,
				191F15CE21B2291000160F3D /* PhotoSelectorViewController.swift in Sources */,
				FAD0950921B0870D00C999CD /* InternalUser.swift in Sources */,
				19123CF421B0A13800619398 /* BrowseDetailViewController.swift in Sources */,
				19123CF221B0A0DC00619398 /* BrowseTableViewController.swift in Sources */,
				FAE7923C21C433C200174BE9 /* AddHackViewController.swift in Sources */,
				193466C421BF15A700145B0F /* Extensions.swift in Sources */,
				191F15C821B1C64400160F3D /* AlertManager.swift in Sources */,
				FAD0950D21B0929200C999CD /* InternalUserController.swift in Sources */,
			);
			runOnlyForDeploymentPostprocessing = 0;
		};
/* End PBXSourcesBuildPhase section */

/* Begin PBXVariantGroup section */
		FA5EC3BD21AC9D070092C3F8 /* Main.storyboard */ = {
			isa = PBXVariantGroup;
			children = (
				FA5EC3BE21AC9D070092C3F8 /* Base */,
			);
			name = Main.storyboard;
			sourceTree = "<group>";
		};
		FA5EC3C221AC9D080092C3F8 /* LaunchScreen.storyboard */ = {
			isa = PBXVariantGroup;
			children = (
				FA5EC3C321AC9D080092C3F8 /* Base */,
			);
			name = LaunchScreen.storyboard;
			sourceTree = "<group>";
		};
/* End PBXVariantGroup section */

/* Begin XCBuildConfiguration section */
		FA5EC3C621AC9D080092C3F8 /* Debug */ = {
			isa = XCBuildConfiguration;
			buildSettings = {
				ALWAYS_SEARCH_USER_PATHS = NO;
				CLANG_ANALYZER_NONNULL = YES;
				CLANG_ANALYZER_NUMBER_OBJECT_CONVERSION = YES_AGGRESSIVE;
				CLANG_CXX_LANGUAGE_STANDARD = "gnu++14";
				CLANG_CXX_LIBRARY = "libc++";
				CLANG_ENABLE_MODULES = YES;
				CLANG_ENABLE_OBJC_ARC = YES;
				CLANG_ENABLE_OBJC_WEAK = YES;
				CLANG_WARN_BLOCK_CAPTURE_AUTORELEASING = YES;
				CLANG_WARN_BOOL_CONVERSION = YES;
				CLANG_WARN_COMMA = YES;
				CLANG_WARN_CONSTANT_CONVERSION = YES;
				CLANG_WARN_DEPRECATED_OBJC_IMPLEMENTATIONS = YES;
				CLANG_WARN_DIRECT_OBJC_ISA_USAGE = YES_ERROR;
				CLANG_WARN_DOCUMENTATION_COMMENTS = YES;
				CLANG_WARN_EMPTY_BODY = YES;
				CLANG_WARN_ENUM_CONVERSION = YES;
				CLANG_WARN_INFINITE_RECURSION = YES;
				CLANG_WARN_INT_CONVERSION = YES;
				CLANG_WARN_NON_LITERAL_NULL_CONVERSION = YES;
				CLANG_WARN_OBJC_IMPLICIT_RETAIN_SELF = YES;
				CLANG_WARN_OBJC_LITERAL_CONVERSION = YES;
				CLANG_WARN_OBJC_ROOT_CLASS = YES_ERROR;
				CLANG_WARN_RANGE_LOOP_ANALYSIS = YES;
				CLANG_WARN_STRICT_PROTOTYPES = YES;
				CLANG_WARN_SUSPICIOUS_MOVE = YES;
				CLANG_WARN_UNGUARDED_AVAILABILITY = YES_AGGRESSIVE;
				CLANG_WARN_UNREACHABLE_CODE = YES;
				CLANG_WARN__DUPLICATE_METHOD_MATCH = YES;
				CODE_SIGN_IDENTITY = "iPhone Developer";
				COPY_PHASE_STRIP = NO;
				DEBUG_INFORMATION_FORMAT = dwarf;
				ENABLE_STRICT_OBJC_MSGSEND = YES;
				ENABLE_TESTABILITY = YES;
				GCC_C_LANGUAGE_STANDARD = gnu11;
				GCC_DYNAMIC_NO_PIC = NO;
				GCC_NO_COMMON_BLOCKS = YES;
				GCC_OPTIMIZATION_LEVEL = 0;
				GCC_PREPROCESSOR_DEFINITIONS = (
					"DEBUG=1",
					"$(inherited)",
				);
				GCC_WARN_64_TO_32_BIT_CONVERSION = YES;
				GCC_WARN_ABOUT_RETURN_TYPE = YES_ERROR;
				GCC_WARN_UNDECLARED_SELECTOR = YES;
				GCC_WARN_UNINITIALIZED_AUTOS = YES_AGGRESSIVE;
				GCC_WARN_UNUSED_FUNCTION = YES;
				GCC_WARN_UNUSED_VARIABLE = YES;
				IPHONEOS_DEPLOYMENT_TARGET = 12.1;
				MTL_ENABLE_DEBUG_INFO = INCLUDE_SOURCE;
				MTL_FAST_MATH = YES;
				ONLY_ACTIVE_ARCH = YES;
				SDKROOT = iphoneos;
				SWIFT_ACTIVE_COMPILATION_CONDITIONS = DEBUG;
				SWIFT_OPTIMIZATION_LEVEL = "-Onone";
			};
			name = Debug;
		};
		FA5EC3C721AC9D080092C3F8 /* Release */ = {
			isa = XCBuildConfiguration;
			buildSettings = {
				ALWAYS_SEARCH_USER_PATHS = NO;
				CLANG_ANALYZER_NONNULL = YES;
				CLANG_ANALYZER_NUMBER_OBJECT_CONVERSION = YES_AGGRESSIVE;
				CLANG_CXX_LANGUAGE_STANDARD = "gnu++14";
				CLANG_CXX_LIBRARY = "libc++";
				CLANG_ENABLE_MODULES = YES;
				CLANG_ENABLE_OBJC_ARC = YES;
				CLANG_ENABLE_OBJC_WEAK = YES;
				CLANG_WARN_BLOCK_CAPTURE_AUTORELEASING = YES;
				CLANG_WARN_BOOL_CONVERSION = YES;
				CLANG_WARN_COMMA = YES;
				CLANG_WARN_CONSTANT_CONVERSION = YES;
				CLANG_WARN_DEPRECATED_OBJC_IMPLEMENTATIONS = YES;
				CLANG_WARN_DIRECT_OBJC_ISA_USAGE = YES_ERROR;
				CLANG_WARN_DOCUMENTATION_COMMENTS = YES;
				CLANG_WARN_EMPTY_BODY = YES;
				CLANG_WARN_ENUM_CONVERSION = YES;
				CLANG_WARN_INFINITE_RECURSION = YES;
				CLANG_WARN_INT_CONVERSION = YES;
				CLANG_WARN_NON_LITERAL_NULL_CONVERSION = YES;
				CLANG_WARN_OBJC_IMPLICIT_RETAIN_SELF = YES;
				CLANG_WARN_OBJC_LITERAL_CONVERSION = YES;
				CLANG_WARN_OBJC_ROOT_CLASS = YES_ERROR;
				CLANG_WARN_RANGE_LOOP_ANALYSIS = YES;
				CLANG_WARN_STRICT_PROTOTYPES = YES;
				CLANG_WARN_SUSPICIOUS_MOVE = YES;
				CLANG_WARN_UNGUARDED_AVAILABILITY = YES_AGGRESSIVE;
				CLANG_WARN_UNREACHABLE_CODE = YES;
				CLANG_WARN__DUPLICATE_METHOD_MATCH = YES;
				CODE_SIGN_IDENTITY = "iPhone Developer";
				COPY_PHASE_STRIP = NO;
				DEBUG_INFORMATION_FORMAT = "dwarf-with-dsym";
				ENABLE_NS_ASSERTIONS = NO;
				ENABLE_STRICT_OBJC_MSGSEND = YES;
				GCC_C_LANGUAGE_STANDARD = gnu11;
				GCC_NO_COMMON_BLOCKS = YES;
				GCC_WARN_64_TO_32_BIT_CONVERSION = YES;
				GCC_WARN_ABOUT_RETURN_TYPE = YES_ERROR;
				GCC_WARN_UNDECLARED_SELECTOR = YES;
				GCC_WARN_UNINITIALIZED_AUTOS = YES_AGGRESSIVE;
				GCC_WARN_UNUSED_FUNCTION = YES;
				GCC_WARN_UNUSED_VARIABLE = YES;
				IPHONEOS_DEPLOYMENT_TARGET = 12.1;
				MTL_ENABLE_DEBUG_INFO = NO;
				MTL_FAST_MATH = YES;
				SDKROOT = iphoneos;
				SWIFT_COMPILATION_MODE = wholemodule;
				SWIFT_OPTIMIZATION_LEVEL = "-O";
				VALIDATE_PRODUCT = YES;
			};
			name = Release;
		};
		FA5EC3C921AC9D080092C3F8 /* Debug */ = {
			isa = XCBuildConfiguration;
			baseConfigurationReference = 90F00541D6632FC5B52AC218 /* Pods-Tidbits.debug.xcconfig */;
			buildSettings = {
				ASSETCATALOG_COMPILER_APPICON_NAME = AppIcon;
				CODE_SIGN_STYLE = Automatic;
				DEVELOPMENT_TEAM = 288VUFV9XZ;
				INFOPLIST_FILE = "$(SRCROOT)/Tidbits/Resources/Info.plist";
				LD_RUNPATH_SEARCH_PATHS = (
					"$(inherited)",
					"@executable_path/Frameworks",
				);
				PRODUCT_BUNDLE_IDENTIFIER = com.kadenstaker.Tidbits;
				PRODUCT_NAME = "$(TARGET_NAME)";
				SWIFT_VERSION = 4.2;
				TARGETED_DEVICE_FAMILY = "1,2";
			};
			name = Debug;
		};
		FA5EC3CA21AC9D080092C3F8 /* Release */ = {
			isa = XCBuildConfiguration;
			baseConfigurationReference = 0D0A6C8EB7DDA45B8B3DAA7B /* Pods-Tidbits.release.xcconfig */;
			buildSettings = {
				ASSETCATALOG_COMPILER_APPICON_NAME = AppIcon;
				CODE_SIGN_STYLE = Automatic;
				DEVELOPMENT_TEAM = 288VUFV9XZ;
				INFOPLIST_FILE = "$(SRCROOT)/Tidbits/Resources/Info.plist";
				LD_RUNPATH_SEARCH_PATHS = (
					"$(inherited)",
					"@executable_path/Frameworks",
				);
				PRODUCT_BUNDLE_IDENTIFIER = com.kadenstaker.Tidbits;
				PRODUCT_NAME = "$(TARGET_NAME)";
				SWIFT_VERSION = 4.2;
				TARGETED_DEVICE_FAMILY = "1,2";
			};
			name = Release;
		};
/* End XCBuildConfiguration section */

/* Begin XCConfigurationList section */
		FA5EC3B121AC9D070092C3F8 /* Build configuration list for PBXProject "Tidbits" */ = {
			isa = XCConfigurationList;
			buildConfigurations = (
				FA5EC3C621AC9D080092C3F8 /* Debug */,
				FA5EC3C721AC9D080092C3F8 /* Release */,
			);
			defaultConfigurationIsVisible = 0;
			defaultConfigurationName = Release;
		};
		FA5EC3C821AC9D080092C3F8 /* Build configuration list for PBXNativeTarget "Tidbits" */ = {
			isa = XCConfigurationList;
			buildConfigurations = (
				FA5EC3C921AC9D080092C3F8 /* Debug */,
				FA5EC3CA21AC9D080092C3F8 /* Release */,
			);
			defaultConfigurationIsVisible = 0;
			defaultConfigurationName = Release;
		};
/* End XCConfigurationList section */
	};
	rootObject = FA5EC3AE21AC9D070092C3F8 /* Project object */;
}
